
Microsoft Visual Studio Solution File, Format Version 12.00
# Visual Studio 15
VisualStudioVersion = 15.0.26430.16
MinimumVisualStudioVersion = 10.0.40219.1
Project("{FAE04EC0-301F-11D3-BF4B-00C04F79EFBC}") = "filv", "filv.csproj", "{861A01D7-71E3-4E07-9080-93A57CCA60F9}"
EndProject
Project("{2150E333-8FDC-42A3-9474-1A3956D46DE8}") = "Solution Items", "Solution Items", "{02235D43-4552-41C3-B631-A7E1959B7515}"
	ProjectSection(SolutionItems) = preProject
		item.exh_ko.csv = item.exh_ko.csv
		item.exh_ko.csv.gz = item.exh_ko.csv.gz
		item.exh_ko_fixed.csv = item.exh_ko_fixed.csv
		opcode.txt = opcode.txt
	EndProjectSection
EndProject
Global
	GlobalSection(SolutionConfigurationPlatforms) = preSolution
		Debug|Any CPU = Debug|Any CPU
		Release|Any CPU = Release|Any CPU
	EndGlobalSection
	GlobalSection(ProjectConfigurationPlatforms) = postSolution
		{861A01D7-71E3-4E07-9080-93A57CCA60F9}.Debug|Any CPU.ActiveCfg = Debug|Any CPU
		{861A01D7-71E3-4E07-9080-93A57CCA60F9}.Debug|Any CPU.Build.0 = Debug|Any CPU
		{861A01D7-71E3-4E07-9080-93A57CCA60F9}.Release|Any CPU.ActiveCfg = Release|Any CPU
		{861A01D7-71E3-4E07-9080-93A57CCA60F9}.Release|Any CPU.Build.0 = Release|Any CPU
	EndGlobalSection
	GlobalSection(SolutionProperties) = preSolution
		HideSolutionNode = FALSE
	EndGlobalSection
EndGlobal
